// !$*UTF8*$!
{
	archiveVersion = 1;
	classes = {
	};
	objectVersion = 50;
	objects = {

/* Begin PBXBuildFile section */
		44674ACC23FA2D4E0047F187 /* G.framework in Frameworks */ = {isa = PBXBuildFile; fileRef = 44674AC223FA2D4E0047F187 /* G.framework */; };
		44674AD123FA2D4E0047F187 /* GTests.swift in Sources */ = {isa = PBXBuildFile; fileRef = 44674AD023FA2D4E0047F187 /* GTests.swift */; };
		44674AD323FA2D4E0047F187 /* G.h in Headers */ = {isa = PBXBuildFile; fileRef = 44674AC523FA2D4E0047F187 /* G.h */; settings = {ATTRIBUTES = (Public, ); }; };
		44674BC823FB04EC0047F187 /* GridSourceSection.swift in Sources */ = {isa = PBXBuildFile; fileRef = 44674BC723FB04EC0047F187 /* GridSourceSection.swift */; };
		44674BCA23FB058B0047F187 /* GCIndexPathable.swift in Sources */ = {isa = PBXBuildFile; fileRef = 44674BC923FB058B0047F187 /* GCIndexPathable.swift */; };
		44674BCD23FB07320047F187 /* GTCellModel.swift in Sources */ = {isa = PBXBuildFile; fileRef = 44674BCC23FB07320047F187 /* GTCellModel.swift */; };
		44674BD023FB07930047F187 /* GTCSetupable.swift in Sources */ = {isa = PBXBuildFile; fileRef = 44674BCF23FB07930047F187 /* GTCSetupable.swift */; };
		44674BD223FB07A70047F187 /* GTCConfigurator.swift in Sources */ = {isa = PBXBuildFile; fileRef = 44674BD123FB07A70047F187 /* GTCConfigurator.swift */; };
		44674BD423FB07BE0047F187 /* GTCSetupableCreator.swift in Sources */ = {isa = PBXBuildFile; fileRef = 44674BD323FB07BE0047F187 /* GTCSetupableCreator.swift */; };
		44674BD623FB07F10047F187 /* GridCellSizeProvider.swift in Sources */ = {isa = PBXBuildFile; fileRef = 44674BD523FB07F10047F187 /* GridCellSizeProvider.swift */; };
		44674BD823FB09E50047F187 /* GridSourceProtocol.swift in Sources */ = {isa = PBXBuildFile; fileRef = 44674BD723FB09E50047F187 /* GridSourceProtocol.swift */; };
		44674BDA23FB0A220047F187 /* GridSource.swift in Sources */ = {isa = PBXBuildFile; fileRef = 44674BD923FB0A220047F187 /* GridSource.swift */; };
		44674BDC23FB468F0047F187 /* ClassNameIdentified.swift in Sources */ = {isa = PBXBuildFile; fileRef = 44674BDB23FB468F0047F187 /* ClassNameIdentified.swift */; };
		44674BE423FC95410047F187 /* GTManager.swift in Sources */ = {isa = PBXBuildFile; fileRef = 44674BE323FC95410047F187 /* GTManager.swift */; };
		44674BEA23FCA2BE0047F187 /* GridReloadAnimatorManager.swift in Sources */ = {isa = PBXBuildFile; fileRef = 44674BE923FCA2BE0047F187 /* GridReloadAnimatorManager.swift */; };
		44674BEC23FCA3010047F187 /* GridReloadAnimator.swift in Sources */ = {isa = PBXBuildFile; fileRef = 44674BEB23FCA3010047F187 /* GridReloadAnimator.swift */; };
		44674BEE23FCA3210047F187 /* GridReloadAnimatorFactory.swift in Sources */ = {isa = PBXBuildFile; fileRef = 44674BED23FCA3210047F187 /* GridReloadAnimatorFactory.swift */; };
		4486B28524142D5200306926 /* GridSourceAppendTests.swift in Sources */ = {isa = PBXBuildFile; fileRef = 4486B28424142D5200306926 /* GridSourceAppendTests.swift */; };
		4486B2872414359700306926 /* GridSourceInsertTests.swift in Sources */ = {isa = PBXBuildFile; fileRef = 4486B2862414359700306926 /* GridSourceInsertTests.swift */; };
		4486B28924147FC500306926 /* GridSourceReloadTests.swift in Sources */ = {isa = PBXBuildFile; fileRef = 4486B28824147FC500306926 /* GridSourceReloadTests.swift */; };
		4486B28B2415493700306926 /* GridSourceRemoveTests.swift in Sources */ = {isa = PBXBuildFile; fileRef = 4486B28A2415493700306926 /* GridSourceRemoveTests.swift */; };
		476CD69C244B409100F1081A /* GCManager.swift in Sources */ = {isa = PBXBuildFile; fileRef = 476CD69B244B409100F1081A /* GCManager.swift */; };
		476CD69F244B418100F1081A /* GCCSetupableCreator.swift in Sources */ = {isa = PBXBuildFile; fileRef = 476CD69E244B418100F1081A /* GCCSetupableCreator.swift */; };
		476CD6A1244B41A600F1081A /* GCCConfigurator.swift in Sources */ = {isa = PBXBuildFile; fileRef = 476CD6A0244B41A600F1081A /* GCCConfigurator.swift */; };
		476CD6A3244B41B500F1081A /* GCCSetupable.swift in Sources */ = {isa = PBXBuildFile; fileRef = 476CD6A2244B41B500F1081A /* GCCSetupable.swift */; };
		476CD6A5244B41CD00F1081A /* GCCellModel.swift in Sources */ = {isa = PBXBuildFile; fileRef = 476CD6A4244B41CD00F1081A /* GCCellModel.swift */; };
/* End PBXBuildFile section */

/* Begin PBXContainerItemProxy section */
		44674ACD23FA2D4E0047F187 /* PBXContainerItemProxy */ = {
			isa = PBXContainerItemProxy;
			containerPortal = 44674AB923FA2D4E0047F187 /* Project object */;
			proxyType = 1;
			remoteGlobalIDString = 44674AC123FA2D4E0047F187;
			remoteInfo = G;
		};
		4486B2B22415773F00306926 /* PBXContainerItemProxy */ = {
			isa = PBXContainerItemProxy;
			containerPortal = 4486B2AE2415773D00306926 /* GExample.xcodeproj */;
			proxyType = 2;
			remoteGlobalIDString = 4486B2972415773800306926;
			remoteInfo = GExample;
		};
/* End PBXContainerItemProxy section */

/* Begin PBXFileReference section */
		44674AC223FA2D4E0047F187 /* G.framework */ = {isa = PBXFileReference; explicitFileType = wrapper.framework; includeInIndex = 0; path = G.framework; sourceTree = BUILT_PRODUCTS_DIR; };
		44674AC523FA2D4E0047F187 /* G.h */ = {isa = PBXFileReference; lastKnownFileType = sourcecode.c.h; path = G.h; sourceTree = "<group>"; };
		44674AC623FA2D4E0047F187 /* Info.plist */ = {isa = PBXFileReference; lastKnownFileType = text.plist.xml; path = Info.plist; sourceTree = "<group>"; };
		44674ACB23FA2D4E0047F187 /* GTests.xctest */ = {isa = PBXFileReference; explicitFileType = wrapper.cfbundle; includeInIndex = 0; path = GTests.xctest; sourceTree = BUILT_PRODUCTS_DIR; };
		44674AD023FA2D4E0047F187 /* GTests.swift */ = {isa = PBXFileReference; lastKnownFileType = sourcecode.swift; path = GTests.swift; sourceTree = "<group>"; };
		44674AD223FA2D4E0047F187 /* Info.plist */ = {isa = PBXFileReference; lastKnownFileType = text.plist.xml; path = Info.plist; sourceTree = "<group>"; };
		44674BC723FB04EC0047F187 /* GridSourceSection.swift */ = {isa = PBXFileReference; lastKnownFileType = sourcecode.swift; path = GridSourceSection.swift; sourceTree = "<group>"; };
		44674BC923FB058B0047F187 /* GCIndexPathable.swift */ = {isa = PBXFileReference; lastKnownFileType = sourcecode.swift; path = GCIndexPathable.swift; sourceTree = "<group>"; };
		44674BCC23FB07320047F187 /* GTCellModel.swift */ = {isa = PBXFileReference; lastKnownFileType = sourcecode.swift; path = GTCellModel.swift; sourceTree = "<group>"; };
		44674BCF23FB07930047F187 /* GTCSetupable.swift */ = {isa = PBXFileReference; lastKnownFileType = sourcecode.swift; path = GTCSetupable.swift; sourceTree = "<group>"; };
		44674BD123FB07A70047F187 /* GTCConfigurator.swift */ = {isa = PBXFileReference; lastKnownFileType = sourcecode.swift; path = GTCConfigurator.swift; sourceTree = "<group>"; };
		44674BD323FB07BE0047F187 /* GTCSetupableCreator.swift */ = {isa = PBXFileReference; lastKnownFileType = sourcecode.swift; path = GTCSetupableCreator.swift; sourceTree = "<group>"; };
		44674BD523FB07F10047F187 /* GridCellSizeProvider.swift */ = {isa = PBXFileReference; lastKnownFileType = sourcecode.swift; path = GridCellSizeProvider.swift; sourceTree = "<group>"; };
		44674BD723FB09E50047F187 /* GridSourceProtocol.swift */ = {isa = PBXFileReference; lastKnownFileType = sourcecode.swift; path = GridSourceProtocol.swift; sourceTree = "<group>"; };
		44674BD923FB0A220047F187 /* GridSource.swift */ = {isa = PBXFileReference; lastKnownFileType = sourcecode.swift; path = GridSource.swift; sourceTree = "<group>"; };
		44674BDB23FB468F0047F187 /* ClassNameIdentified.swift */ = {isa = PBXFileReference; lastKnownFileType = sourcecode.swift; path = ClassNameIdentified.swift; sourceTree = "<group>"; };
		44674BE323FC95410047F187 /* GTManager.swift */ = {isa = PBXFileReference; lastKnownFileType = sourcecode.swift; path = GTManager.swift; sourceTree = "<group>"; };
		44674BE923FCA2BE0047F187 /* GridReloadAnimatorManager.swift */ = {isa = PBXFileReference; lastKnownFileType = sourcecode.swift; path = GridReloadAnimatorManager.swift; sourceTree = "<group>"; };
		44674BEB23FCA3010047F187 /* GridReloadAnimator.swift */ = {isa = PBXFileReference; lastKnownFileType = sourcecode.swift; path = GridReloadAnimator.swift; sourceTree = "<group>"; };
		44674BED23FCA3210047F187 /* GridReloadAnimatorFactory.swift */ = {isa = PBXFileReference; lastKnownFileType = sourcecode.swift; path = GridReloadAnimatorFactory.swift; sourceTree = "<group>"; };
		4486B28424142D5200306926 /* GridSourceAppendTests.swift */ = {isa = PBXFileReference; lastKnownFileType = sourcecode.swift; path = GridSourceAppendTests.swift; sourceTree = "<group>"; };
		4486B2862414359700306926 /* GridSourceInsertTests.swift */ = {isa = PBXFileReference; lastKnownFileType = sourcecode.swift; path = GridSourceInsertTests.swift; sourceTree = "<group>"; };
		4486B28824147FC500306926 /* GridSourceReloadTests.swift */ = {isa = PBXFileReference; lastKnownFileType = sourcecode.swift; path = GridSourceReloadTests.swift; sourceTree = "<group>"; };
		4486B28A2415493700306926 /* GridSourceRemoveTests.swift */ = {isa = PBXFileReference; lastKnownFileType = sourcecode.swift; path = GridSourceRemoveTests.swift; sourceTree = "<group>"; };
		4486B2AE2415773D00306926 /* GExample.xcodeproj */ = {isa = PBXFileReference; lastKnownFileType = "wrapper.pb-project"; name = GExample.xcodeproj; path = GExample/GExample.xcodeproj; sourceTree = "<group>"; };
		476CD69B244B409100F1081A /* GCManager.swift */ = {isa = PBXFileReference; lastKnownFileType = sourcecode.swift; path = GCManager.swift; sourceTree = "<group>"; };
		476CD69E244B418100F1081A /* GCCSetupableCreator.swift */ = {isa = PBXFileReference; lastKnownFileType = sourcecode.swift; path = GCCSetupableCreator.swift; sourceTree = "<group>"; };
		476CD6A0244B41A600F1081A /* GCCConfigurator.swift */ = {isa = PBXFileReference; lastKnownFileType = sourcecode.swift; path = GCCConfigurator.swift; sourceTree = "<group>"; };
		476CD6A2244B41B500F1081A /* GCCSetupable.swift */ = {isa = PBXFileReference; lastKnownFileType = sourcecode.swift; path = GCCSetupable.swift; sourceTree = "<group>"; };
		476CD6A4244B41CD00F1081A /* GCCellModel.swift */ = {isa = PBXFileReference; lastKnownFileType = sourcecode.swift; path = GCCellModel.swift; sourceTree = "<group>"; };
/* End PBXFileReference section */

/* Begin PBXFrameworksBuildPhase section */
		44674ABF23FA2D4E0047F187 /* Frameworks */ = {
			isa = PBXFrameworksBuildPhase;
			buildActionMask = 2147483647;
			files = (
			);
			runOnlyForDeploymentPostprocessing = 0;
		};
		44674AC823FA2D4E0047F187 /* Frameworks */ = {
			isa = PBXFrameworksBuildPhase;
			buildActionMask = 2147483647;
			files = (
				44674ACC23FA2D4E0047F187 /* G.framework in Frameworks */,
			);
			runOnlyForDeploymentPostprocessing = 0;
		};
/* End PBXFrameworksBuildPhase section */

/* Begin PBXGroup section */
		44674AB823FA2D4E0047F187 = {
			isa = PBXGroup;
			children = (
				4486B2AE2415773D00306926 /* GExample.xcodeproj */,
				44674AC423FA2D4E0047F187 /* G */,
				44674ACF23FA2D4E0047F187 /* GTests */,
				44674AC323FA2D4E0047F187 /* Products */,
			);
			sourceTree = "<group>";
		};
		44674AC323FA2D4E0047F187 /* Products */ = {
			isa = PBXGroup;
			children = (
				44674AC223FA2D4E0047F187 /* G.framework */,
				44674ACB23FA2D4E0047F187 /* GTests.xctest */,
			);
			name = Products;
			sourceTree = "<group>";
		};
		44674AC423FA2D4E0047F187 /* G */ = {
			isa = PBXGroup;
			children = (
				4486B28D24155FFA00306926 /* Example */,
				44674BC523FAFC5A0047F187 /* Sources */,
				44674AC523FA2D4E0047F187 /* G.h */,
				44674AC623FA2D4E0047F187 /* Info.plist */,
			);
			path = G;
			sourceTree = "<group>";
		};
		44674ACF23FA2D4E0047F187 /* GTests */ = {
			isa = PBXGroup;
			children = (
				4486B28424142D5200306926 /* GridSourceAppendTests.swift */,
				4486B2862414359700306926 /* GridSourceInsertTests.swift */,
				4486B28824147FC500306926 /* GridSourceReloadTests.swift */,
				4486B28A2415493700306926 /* GridSourceRemoveTests.swift */,
				44674AD023FA2D4E0047F187 /* GTests.swift */,
				44674AD223FA2D4E0047F187 /* Info.plist */,
			);
			path = GTests;
			sourceTree = "<group>";
		};
		44674BC523FAFC5A0047F187 /* Sources */ = {
			isa = PBXGroup;
			children = (
				476CD6A6244B433C00F1081A /* GridCellSizeProvider */,
				44674BDD23FB46B70047F187 /* Common */,
				476CD699244B3E6100F1081A /* GridCollectionManager */,
				44674BE823FCA2A80047F187 /* GridReloadAnimator */,
				44674BC623FB04610047F187 /* GridSource */,
				44674BCB23FB06FE0047F187 /* GridTableManager */,
			);
			path = Sources;
			sourceTree = "<group>";
		};
		44674BC623FB04610047F187 /* GridSource */ = {
			isa = PBXGroup;
			children = (
				44674BC723FB04EC0047F187 /* GridSourceSection.swift */,
				44674BC923FB058B0047F187 /* GCIndexPathable.swift */,
				44674BD723FB09E50047F187 /* GridSourceProtocol.swift */,
				44674BD923FB0A220047F187 /* GridSource.swift */,
			);
			path = GridSource;
			sourceTree = "<group>";
		};
		44674BCB23FB06FE0047F187 /* GridTableManager */ = {
			isa = PBXGroup;
			children = (
				44674BCE23FB07860047F187 /* Protocols */,
				44674BCC23FB07320047F187 /* GTCellModel.swift */,
				44674BE323FC95410047F187 /* GTManager.swift */,
			);
			path = GridTableManager;
			sourceTree = "<group>";
		};
		44674BCE23FB07860047F187 /* Protocols */ = {
			isa = PBXGroup;
			children = (
				44674BD123FB07A70047F187 /* GTCConfigurator.swift */,
				44674BCF23FB07930047F187 /* GTCSetupable.swift */,
				44674BD323FB07BE0047F187 /* GTCSetupableCreator.swift */,
			);
			path = Protocols;
			sourceTree = "<group>";
		};
		44674BDD23FB46B70047F187 /* Common */ = {
			isa = PBXGroup;
			children = (
				44674BDB23FB468F0047F187 /* ClassNameIdentified.swift */,
			);
			path = Common;
			sourceTree = "<group>";
		};
		44674BE823FCA2A80047F187 /* GridReloadAnimator */ = {
			isa = PBXGroup;
			children = (
				44674BE923FCA2BE0047F187 /* GridReloadAnimatorManager.swift */,
				44674BEB23FCA3010047F187 /* GridReloadAnimator.swift */,
				44674BED23FCA3210047F187 /* GridReloadAnimatorFactory.swift */,
			);
			path = GridReloadAnimator;
			sourceTree = "<group>";
		};
		4486B28D24155FFA00306926 /* Example */ = {
			isa = PBXGroup;
			children = (
			);
			path = Example;
			sourceTree = "<group>";
		};
		4486B2AF2415773D00306926 /* Products */ = {
			isa = PBXGroup;
			children = (
				4486B2B32415773F00306926 /* GExample.app */,
			);
			name = Products;
			sourceTree = "<group>";
		};
		476CD699244B3E6100F1081A /* GridCollectionManager */ = {
			isa = PBXGroup;
			children = (
				476CD69D244B417600F1081A /* Protocols */,
				476CD69B244B409100F1081A /* GCManager.swift */,
				476CD6A4244B41CD00F1081A /* GCCellModel.swift */,
			);
			path = GridCollectionManager;
			sourceTree = "<group>";
		};
		476CD69D244B417600F1081A /* Protocols */ = {
			isa = PBXGroup;
			children = (
				476CD6A0244B41A600F1081A /* GCCConfigurator.swift */,
				476CD6A2244B41B500F1081A /* GCCSetupable.swift */,
				476CD69E244B418100F1081A /* GCCSetupableCreator.swift */,
			);
			path = Protocols;
			sourceTree = "<group>";
		};
		476CD6A6244B433C00F1081A /* GridCellSizeProvider */ = {
			isa = PBXGroup;
			children = (
				44674BD523FB07F10047F187 /* GridCellSizeProvider.swift */,
			);
			path = GridCellSizeProvider;
			sourceTree = "<group>";
		};
/* End PBXGroup section */

/* Begin PBXHeadersBuildPhase section */
		44674ABD23FA2D4E0047F187 /* Headers */ = {
			isa = PBXHeadersBuildPhase;
			buildActionMask = 2147483647;
			files = (
				44674AD323FA2D4E0047F187 /* G.h in Headers */,
			);
			runOnlyForDeploymentPostprocessing = 0;
		};
/* End PBXHeadersBuildPhase section */

/* Begin PBXNativeTarget section */
		44674AC123FA2D4E0047F187 /* G */ = {
			isa = PBXNativeTarget;
			buildConfigurationList = 44674AD623FA2D4E0047F187 /* Build configuration list for PBXNativeTarget "G" */;
			buildPhases = (
				44674ABD23FA2D4E0047F187 /* Headers */,
				44674ABE23FA2D4E0047F187 /* Sources */,
				44674ABF23FA2D4E0047F187 /* Frameworks */,
				44674AC023FA2D4E0047F187 /* Resources */,
			);
			buildRules = (
			);
			dependencies = (
			);
			name = G;
			productName = G;
			productReference = 44674AC223FA2D4E0047F187 /* G.framework */;
			productType = "com.apple.product-type.framework";
		};
		44674ACA23FA2D4E0047F187 /* GTests */ = {
			isa = PBXNativeTarget;
			buildConfigurationList = 44674AD923FA2D4E0047F187 /* Build configuration list for PBXNativeTarget "GTests" */;
			buildPhases = (
				44674AC723FA2D4E0047F187 /* Sources */,
				44674AC823FA2D4E0047F187 /* Frameworks */,
				44674AC923FA2D4E0047F187 /* Resources */,
			);
			buildRules = (
			);
			dependencies = (
				44674ACE23FA2D4E0047F187 /* PBXTargetDependency */,
			);
			name = GTests;
			productName = GTests;
			productReference = 44674ACB23FA2D4E0047F187 /* GTests.xctest */;
			productType = "com.apple.product-type.bundle.unit-test";
		};
/* End PBXNativeTarget section */

/* Begin PBXProject section */
		44674AB923FA2D4E0047F187 /* Project object */ = {
			isa = PBXProject;
			attributes = {
				LastSwiftUpdateCheck = 1130;
				LastUpgradeCheck = 1130;
				ORGANIZATIONNAME = Eugene;
				TargetAttributes = {
					44674AC123FA2D4E0047F187 = {
						CreatedOnToolsVersion = 11.3;
						LastSwiftMigration = 1130;
					};
					44674ACA23FA2D4E0047F187 = {
						CreatedOnToolsVersion = 11.3;
					};
				};
			};
			buildConfigurationList = 44674ABC23FA2D4E0047F187 /* Build configuration list for PBXProject "G" */;
			compatibilityVersion = "Xcode 9.3";
			developmentRegion = en;
			hasScannedForEncodings = 0;
			knownRegions = (
				en,
				Base,
			);
			mainGroup = 44674AB823FA2D4E0047F187;
			productRefGroup = 44674AC323FA2D4E0047F187 /* Products */;
			projectDirPath = "";
			projectReferences = (
				{
					ProductGroup = 4486B2AF2415773D00306926 /* Products */;
					ProjectRef = 4486B2AE2415773D00306926 /* GExample.xcodeproj */;
				},
			);
			projectRoot = "";
			targets = (
				44674AC123FA2D4E0047F187 /* G */,
				44674ACA23FA2D4E0047F187 /* GTests */,
			);
		};
/* End PBXProject section */

/* Begin PBXReferenceProxy section */
		4486B2B32415773F00306926 /* GExample.app */ = {
			isa = PBXReferenceProxy;
			fileType = wrapper.application;
			path = GExample.app;
			remoteRef = 4486B2B22415773F00306926 /* PBXContainerItemProxy */;
			sourceTree = BUILT_PRODUCTS_DIR;
		};
/* End PBXReferenceProxy section */

/* Begin PBXResourcesBuildPhase section */
		44674AC023FA2D4E0047F187 /* Resources */ = {
			isa = PBXResourcesBuildPhase;
			buildActionMask = 2147483647;
			files = (
			);
			runOnlyForDeploymentPostprocessing = 0;
		};
		44674AC923FA2D4E0047F187 /* Resources */ = {
			isa = PBXResourcesBuildPhase;
			buildActionMask = 2147483647;
			files = (
			);
			runOnlyForDeploymentPostprocessing = 0;
		};
/* End PBXResourcesBuildPhase section */

/* Begin PBXSourcesBuildPhase section */
		44674ABE23FA2D4E0047F187 /* Sources */ = {
			isa = PBXSourcesBuildPhase;
			buildActionMask = 2147483647;
			files = (
				44674BD023FB07930047F187 /* GTCSetupable.swift in Sources */,
				44674BEA23FCA2BE0047F187 /* GridReloadAnimatorManager.swift in Sources */,
				44674BDA23FB0A220047F187 /* GridSource.swift in Sources */,
				44674BD423FB07BE0047F187 /* GTCSetupableCreator.swift in Sources */,
				44674BC823FB04EC0047F187 /* GridSourceSection.swift in Sources */,
				44674BCD23FB07320047F187 /* GTCellModel.swift in Sources */,
				476CD69F244B418100F1081A /* GCCSetupableCreator.swift in Sources */,
				44674BD823FB09E50047F187 /* GridSourceProtocol.swift in Sources */,
				44674BE423FC95410047F187 /* GTManager.swift in Sources */,
				476CD6A3244B41B500F1081A /* GCCSetupable.swift in Sources */,
				44674BEC23FCA3010047F187 /* GridReloadAnimator.swift in Sources */,
				44674BD223FB07A70047F187 /* GTCConfigurator.swift in Sources */,
				476CD6A1244B41A600F1081A /* GCCConfigurator.swift in Sources */,
				44674BD623FB07F10047F187 /* GridCellSizeProvider.swift in Sources */,
				476CD6A5244B41CD00F1081A /* GCCellModel.swift in Sources */,
				44674BDC23FB468F0047F187 /* ClassNameIdentified.swift in Sources */,
				44674BEE23FCA3210047F187 /* GridReloadAnimatorFactory.swift in Sources */,
				476CD69C244B409100F1081A /* GCManager.swift in Sources */,
				44674BCA23FB058B0047F187 /* GCIndexPathable.swift in Sources */,
			);
			runOnlyForDeploymentPostprocessing = 0;
		};
		44674AC723FA2D4E0047F187 /* Sources */ = {
			isa = PBXSourcesBuildPhase;
			buildActionMask = 2147483647;
			files = (
				4486B2872414359700306926 /* GridSourceInsertTests.swift in Sources */,
				4486B28B2415493700306926 /* GridSourceRemoveTests.swift in Sources */,
				4486B28924147FC500306926 /* GridSourceReloadTests.swift in Sources */,
				4486B28524142D5200306926 /* GridSourceAppendTests.swift in Sources */,
				44674AD123FA2D4E0047F187 /* GTests.swift in Sources */,
			);
			runOnlyForDeploymentPostprocessing = 0;
		};
/* End PBXSourcesBuildPhase section */

/* Begin PBXTargetDependency section */
		44674ACE23FA2D4E0047F187 /* PBXTargetDependency */ = {
			isa = PBXTargetDependency;
			target = 44674AC123FA2D4E0047F187 /* G */;
			targetProxy = 44674ACD23FA2D4E0047F187 /* PBXContainerItemProxy */;
		};
/* End PBXTargetDependency section */

/* Begin XCBuildConfiguration section */
		44674AD423FA2D4E0047F187 /* Debug */ = {
			isa = XCBuildConfiguration;
			buildSettings = {
				ALWAYS_SEARCH_USER_PATHS = NO;
				CLANG_ANALYZER_NONNULL = YES;
				CLANG_ANALYZER_NUMBER_OBJECT_CONVERSION = YES_AGGRESSIVE;
				CLANG_CXX_LANGUAGE_STANDARD = "gnu++14";
				CLANG_CXX_LIBRARY = "libc++";
				CLANG_ENABLE_MODULES = YES;
				CLANG_ENABLE_OBJC_ARC = YES;
				CLANG_ENABLE_OBJC_WEAK = YES;
				CLANG_WARN_BLOCK_CAPTURE_AUTORELEASING = YES;
				CLANG_WARN_BOOL_CONVERSION = YES;
				CLANG_WARN_COMMA = YES;
				CLANG_WARN_CONSTANT_CONVERSION = YES;
				CLANG_WARN_DEPRECATED_OBJC_IMPLEMENTATIONS = YES;
				CLANG_WARN_DIRECT_OBJC_ISA_USAGE = YES_ERROR;
				CLANG_WARN_DOCUMENTATION_COMMENTS = YES;
				CLANG_WARN_EMPTY_BODY = YES;
				CLANG_WARN_ENUM_CONVERSION = YES;
				CLANG_WARN_INFINITE_RECURSION = YES;
				CLANG_WARN_INT_CONVERSION = YES;
				CLANG_WARN_NON_LITERAL_NULL_CONVERSION = YES;
				CLANG_WARN_OBJC_IMPLICIT_RETAIN_SELF = YES;
				CLANG_WARN_OBJC_LITERAL_CONVERSION = YES;
				CLANG_WARN_OBJC_ROOT_CLASS = YES_ERROR;
				CLANG_WARN_RANGE_LOOP_ANALYSIS = YES;
				CLANG_WARN_STRICT_PROTOTYPES = YES;
				CLANG_WARN_SUSPICIOUS_MOVE = YES;
				CLANG_WARN_UNGUARDED_AVAILABILITY = YES_AGGRESSIVE;
				CLANG_WARN_UNREACHABLE_CODE = YES;
				CLANG_WARN__DUPLICATE_METHOD_MATCH = YES;
				COPY_PHASE_STRIP = NO;
				CURRENT_PROJECT_VERSION = 1;
				DEBUG_INFORMATION_FORMAT = dwarf;
				ENABLE_STRICT_OBJC_MSGSEND = YES;
				ENABLE_TESTABILITY = YES;
				GCC_C_LANGUAGE_STANDARD = gnu11;
				GCC_DYNAMIC_NO_PIC = NO;
				GCC_NO_COMMON_BLOCKS = YES;
				GCC_OPTIMIZATION_LEVEL = 0;
				GCC_PREPROCESSOR_DEFINITIONS = (
					"DEBUG=1",
					"$(inherited)",
				);
				GCC_WARN_64_TO_32_BIT_CONVERSION = YES;
				GCC_WARN_ABOUT_RETURN_TYPE = YES_ERROR;
				GCC_WARN_UNDECLARED_SELECTOR = YES;
				GCC_WARN_UNINITIALIZED_AUTOS = YES_AGGRESSIVE;
				GCC_WARN_UNUSED_FUNCTION = YES;
				GCC_WARN_UNUSED_VARIABLE = YES;
				IPHONEOS_DEPLOYMENT_TARGET = 13.2;
				MTL_ENABLE_DEBUG_INFO = INCLUDE_SOURCE;
				MTL_FAST_MATH = YES;
				ONLY_ACTIVE_ARCH = YES;
				SDKROOT = iphoneos;
				SWIFT_ACTIVE_COMPILATION_CONDITIONS = DEBUG;
				SWIFT_OPTIMIZATION_LEVEL = "-Onone";
				VERSIONING_SYSTEM = "apple-generic";
				VERSION_INFO_PREFIX = "";
			};
			name = Debug;
		};
		44674AD523FA2D4E0047F187 /* Release */ = {
			isa = XCBuildConfiguration;
			buildSettings = {
				ALWAYS_SEARCH_USER_PATHS = NO;
				CLANG_ANALYZER_NONNULL = YES;
				CLANG_ANALYZER_NUMBER_OBJECT_CONVERSION = YES_AGGRESSIVE;
				CLANG_CXX_LANGUAGE_STANDARD = "gnu++14";
				CLANG_CXX_LIBRARY = "libc++";
				CLANG_ENABLE_MODULES = YES;
				CLANG_ENABLE_OBJC_ARC = YES;
				CLANG_ENABLE_OBJC_WEAK = YES;
				CLANG_WARN_BLOCK_CAPTURE_AUTORELEASING = YES;
				CLANG_WARN_BOOL_CONVERSION = YES;
				CLANG_WARN_COMMA = YES;
				CLANG_WARN_CONSTANT_CONVERSION = YES;
				CLANG_WARN_DEPRECATED_OBJC_IMPLEMENTATIONS = YES;
				CLANG_WARN_DIRECT_OBJC_ISA_USAGE = YES_ERROR;
				CLANG_WARN_DOCUMENTATION_COMMENTS = YES;
				CLANG_WARN_EMPTY_BODY = YES;
				CLANG_WARN_ENUM_CONVERSION = YES;
				CLANG_WARN_INFINITE_RECURSION = YES;
				CLANG_WARN_INT_CONVERSION = YES;
				CLANG_WARN_NON_LITERAL_NULL_CONVERSION = YES;
				CLANG_WARN_OBJC_IMPLICIT_RETAIN_SELF = YES;
				CLANG_WARN_OBJC_LITERAL_CONVERSION = YES;
				CLANG_WARN_OBJC_ROOT_CLASS = YES_ERROR;
				CLANG_WARN_RANGE_LOOP_ANALYSIS = YES;
				CLANG_WARN_STRICT_PROTOTYPES = YES;
				CLANG_WARN_SUSPICIOUS_MOVE = YES;
				CLANG_WARN_UNGUARDED_AVAILABILITY = YES_AGGRESSIVE;
				CLANG_WARN_UNREACHABLE_CODE = YES;
				CLANG_WARN__DUPLICATE_METHOD_MATCH = YES;
				COPY_PHASE_STRIP = NO;
				CURRENT_PROJECT_VERSION = 1;
				DEBUG_INFORMATION_FORMAT = "dwarf-with-dsym";
				ENABLE_NS_ASSERTIONS = NO;
				ENABLE_STRICT_OBJC_MSGSEND = YES;
				GCC_C_LANGUAGE_STANDARD = gnu11;
				GCC_NO_COMMON_BLOCKS = YES;
				GCC_WARN_64_TO_32_BIT_CONVERSION = YES;
				GCC_WARN_ABOUT_RETURN_TYPE = YES_ERROR;
				GCC_WARN_UNDECLARED_SELECTOR = YES;
				GCC_WARN_UNINITIALIZED_AUTOS = YES_AGGRESSIVE;
				GCC_WARN_UNUSED_FUNCTION = YES;
				GCC_WARN_UNUSED_VARIABLE = YES;
				IPHONEOS_DEPLOYMENT_TARGET = 13.2;
				MTL_ENABLE_DEBUG_INFO = NO;
				MTL_FAST_MATH = YES;
				SDKROOT = iphoneos;
				SWIFT_COMPILATION_MODE = wholemodule;
				SWIFT_OPTIMIZATION_LEVEL = "-O";
				VALIDATE_PRODUCT = YES;
				VERSIONING_SYSTEM = "apple-generic";
				VERSION_INFO_PREFIX = "";
			};
			name = Release;
		};
		44674AD723FA2D4E0047F187 /* Debug */ = {
			isa = XCBuildConfiguration;
			buildSettings = {
				CLANG_ENABLE_MODULES = YES;
				CODE_SIGN_STYLE = Automatic;
				DEFINES_MODULE = YES;
				DEVELOPMENT_TEAM = 7Q47PPMT3D;
				DYLIB_COMPATIBILITY_VERSION = 1;
				DYLIB_CURRENT_VERSION = 1;
				DYLIB_INSTALL_NAME_BASE = "@rpath";
				INFOPLIST_FILE = G/Info.plist;
				INSTALL_PATH = "$(LOCAL_LIBRARY_DIR)/Frameworks";
				IPHONEOS_DEPLOYMENT_TARGET = 10.0;
				LD_RUNPATH_SEARCH_PATHS = (
					"$(inherited)",
					"@executable_path/Frameworks",
					"@loader_path/Frameworks",
				);
				MARKETING_VERSION = 0.1.1;
				PRODUCT_BUNDLE_IDENTIFIER = com.grid.G.G;
				PRODUCT_NAME = "$(TARGET_NAME:c99extidentifier)";
				SKIP_INSTALL = YES;
				SUPPORTS_MACCATALYST = NO;
				SWIFT_OPTIMIZATION_LEVEL = "-Onone";
				SWIFT_VERSION = 5.0;
				TARGETED_DEVICE_FAMILY = "1,2";
			};
			name = Debug;
		};
		44674AD823FA2D4E0047F187 /* Release */ = {
			isa = XCBuildConfiguration;
			buildSettings = {
				CLANG_ENABLE_MODULES = YES;
				CODE_SIGN_STYLE = Automatic;
				DEFINES_MODULE = YES;
				DEVELOPMENT_TEAM = 7Q47PPMT3D;
				DYLIB_COMPATIBILITY_VERSION = 1;
				DYLIB_CURRENT_VERSION = 1;
				DYLIB_INSTALL_NAME_BASE = "@rpath";
				INFOPLIST_FILE = G/Info.plist;
				INSTALL_PATH = "$(LOCAL_LIBRARY_DIR)/Frameworks";
				IPHONEOS_DEPLOYMENT_TARGET = 10.0;
				LD_RUNPATH_SEARCH_PATHS = (
					"$(inherited)",
					"@executable_path/Frameworks",
					"@loader_path/Frameworks",
				);
				MARKETING_VERSION = 0.1.1;
				PRODUCT_BUNDLE_IDENTIFIER = com.grid.G.G;
				PRODUCT_NAME = "$(TARGET_NAME:c99extidentifier)";
				SKIP_INSTALL = YES;
				SUPPORTS_MACCATALYST = NO;
				SWIFT_VERSION = 5.0;
				TARGETED_DEVICE_FAMILY = "1,2";
			};
			name = Release;
		};
		44674ADA23FA2D4E0047F187 /* Debug */ = {
			isa = XCBuildConfiguration;
			buildSettings = {
				ALWAYS_EMBED_SWIFT_STANDARD_LIBRARIES = YES;
				CODE_SIGN_STYLE = Automatic;
				DEVELOPMENT_TEAM = 7Q47PPMT3D;
				INFOPLIST_FILE = GTests/Info.plist;
				LD_RUNPATH_SEARCH_PATHS = (
					"$(inherited)",
					"@executable_path/Frameworks",
					"@loader_path/Frameworks",
				);
				PRODUCT_BUNDLE_IDENTIFIER = com.grid.G.GTests;
				PRODUCT_NAME = "$(TARGET_NAME)";
				SWIFT_VERSION = 5.0;
				TARGETED_DEVICE_FAMILY = "1,2";
			};
			name = Debug;
		};
		44674ADB23FA2D4E0047F187 /* Release */ = {
			isa = XCBuildConfiguration;
			buildSettings = {
				ALWAYS_EMBED_SWIFT_STANDARD_LIBRARIES = YES;
				CODE_SIGN_STYLE = Automatic;
				DEVELOPMENT_TEAM = 7Q47PPMT3D;
				INFOPLIST_FILE = GTests/Info.plist;
				LD_RUNPATH_SEARCH_PATHS = (
					"$(inherited)",
					"@executable_path/Frameworks",
					"@loader_path/Frameworks",
				);
				PRODUCT_BUNDLE_IDENTIFIER = com.grid.G.GTests;
				PRODUCT_NAME = "$(TARGET_NAME)";
				SWIFT_VERSION = 5.0;
				TARGETED_DEVICE_FAMILY = "1,2";
			};
			name = Release;
		};
/* End XCBuildConfiguration section */

/* Begin XCConfigurationList section */
		44674ABC23FA2D4E0047F187 /* Build configuration list for PBXProject "G" */ = {
			isa = XCConfigurationList;
			buildConfigurations = (
				44674AD423FA2D4E0047F187 /* Debug */,
				44674AD523FA2D4E0047F187 /* Release */,
			);
			defaultConfigurationIsVisible = 0;
			defaultConfigurationName = Release;
		};
		44674AD623FA2D4E0047F187 /* Build configuration list for PBXNativeTarget "G" */ = {
			isa = XCConfigurationList;
			buildConfigurations = (
				44674AD723FA2D4E0047F187 /* Debug */,
				44674AD823FA2D4E0047F187 /* Release */,
			);
			defaultConfigurationIsVisible = 0;
			defaultConfigurationName = Release;
		};
		44674AD923FA2D4E0047F187 /* Build configuration list for PBXNativeTarget "GTests" */ = {
			isa = XCConfigurationList;
			buildConfigurations = (
				44674ADA23FA2D4E0047F187 /* Debug */,
				44674ADB23FA2D4E0047F187 /* Release */,
			);
			defaultConfigurationIsVisible = 0;
			defaultConfigurationName = Release;
		};
/* End XCConfigurationList section */
	};
	rootObject = 44674AB923FA2D4E0047F187 /* Project object */;
}
