// !$*UTF8*$!
{
	archiveVersion = 1;
	classes = {
	};
	objectVersion = 50;
	objects = {

/* Begin PBXBuildFile section */
		4486B29B2415773800306926 /* AppDelegate.swift in Sources */ = {isa = PBXBuildFile; fileRef = 4486B29A2415773800306926 /* AppDelegate.swift */; };
		4486B2A42415773D00306926 /* Assets.xcassets in Resources */ = {isa = PBXBuildFile; fileRef = 4486B2A32415773D00306926 /* Assets.xcassets */; };
		4486B2A72415773D00306926 /* LaunchScreen.storyboard in Resources */ = {isa = PBXBuildFile; fileRef = 4486B2A52415773D00306926 /* LaunchScreen.storyboard */; };
		4486B2B72415784700306926 /* GTViewController.swift in Sources */ = {isa = PBXBuildFile; fileRef = 4486B2B62415784700306926 /* GTViewController.swift */; };
		4486B2B9241578DA00306926 /* GTableExampleViewController.swift in Sources */ = {isa = PBXBuildFile; fileRef = 4486B2B8241578DA00306926 /* GTableExampleViewController.swift */; };
		4486B2BB2415790100306926 /* GTableExampleViewModel.swift in Sources */ = {isa = PBXBuildFile; fileRef = 4486B2BA2415790100306926 /* GTableExampleViewModel.swift */; };
		4486B2BE241595CA00306926 /* TitleTableCell.swift in Sources */ = {isa = PBXBuildFile; fileRef = 4486B2BD241595CA00306926 /* TitleTableCell.swift */; };
		4486B2C22415973E00306926 /* TitleCellModel.swift in Sources */ = {isa = PBXBuildFile; fileRef = 4486B2C12415973E00306926 /* TitleCellModel.swift */; };
		4486B2C6241597F800306926 /* TitleHeaderTableCell.swift in Sources */ = {isa = PBXBuildFile; fileRef = 4486B2C5241597F800306926 /* TitleHeaderTableCell.swift */; };
		4486B2CC2415DBD400306926 /* G.framework in Frameworks */ = {isa = PBXBuildFile; fileRef = 4486B2CB2415DBD400306926 /* G.framework */; };
		4486B2CD2415DBD400306926 /* G.framework in Embed Frameworks */ = {isa = PBXBuildFile; fileRef = 4486B2CB2415DBD400306926 /* G.framework */; settings = {ATTRIBUTES = (CodeSignOnCopy, RemoveHeadersOnCopy, ); }; };
		47CE55B824704FE600D8FA89 /* GCViewController.swift in Sources */ = {isa = PBXBuildFile; fileRef = 47CE55B724704FE600D8FA89 /* GCViewController.swift */; };
		47CE55BC247053F400D8FA89 /* GCollectionExampleViewController.swift in Sources */ = {isa = PBXBuildFile; fileRef = 47CE55BB247053F400D8FA89 /* GCollectionExampleViewController.swift */; };
		47CE55BE2470548200D8FA89 /* GCollectionExampleViewModel.swift in Sources */ = {isa = PBXBuildFile; fileRef = 47CE55BD2470548200D8FA89 /* GCollectionExampleViewModel.swift */; };
		47CE55C12470559A00D8FA89 /* TitleCollectionCell.swift in Sources */ = {isa = PBXBuildFile; fileRef = 47CE55C02470559A00D8FA89 /* TitleCollectionCell.swift */; };
/* End PBXBuildFile section */

/* Begin PBXCopyFilesBuildPhase section */
		4486B2CE2415DBD500306926 /* Embed Frameworks */ = {
			isa = PBXCopyFilesBuildPhase;
			buildActionMask = 2147483647;
			dstPath = "";
			dstSubfolderSpec = 10;
			files = (
				4486B2CD2415DBD400306926 /* G.framework in Embed Frameworks */,
			);
			name = "Embed Frameworks";
			runOnlyForDeploymentPostprocessing = 0;
		};
/* End PBXCopyFilesBuildPhase section */

/* Begin PBXFileReference section */
		4486B2972415773800306926 /* GExample.app */ = {isa = PBXFileReference; explicitFileType = wrapper.application; includeInIndex = 0; path = GExample.app; sourceTree = BUILT_PRODUCTS_DIR; };
		4486B29A2415773800306926 /* AppDelegate.swift */ = {isa = PBXFileReference; lastKnownFileType = sourcecode.swift; path = AppDelegate.swift; sourceTree = "<group>"; };
		4486B2A32415773D00306926 /* Assets.xcassets */ = {isa = PBXFileReference; lastKnownFileType = folder.assetcatalog; path = Assets.xcassets; sourceTree = "<group>"; };
		4486B2A62415773D00306926 /* Base */ = {isa = PBXFileReference; lastKnownFileType = file.storyboard; name = Base; path = Base.lproj/LaunchScreen.storyboard; sourceTree = "<group>"; };
		4486B2A82415773D00306926 /* Info.plist */ = {isa = PBXFileReference; lastKnownFileType = text.plist.xml; path = Info.plist; sourceTree = "<group>"; };
		4486B2B62415784700306926 /* GTViewController.swift */ = {isa = PBXFileReference; lastKnownFileType = sourcecode.swift; path = GTViewController.swift; sourceTree = "<group>"; };
		4486B2B8241578DA00306926 /* GTableExampleViewController.swift */ = {isa = PBXFileReference; lastKnownFileType = sourcecode.swift; path = GTableExampleViewController.swift; sourceTree = "<group>"; };
		4486B2BA2415790100306926 /* GTableExampleViewModel.swift */ = {isa = PBXFileReference; lastKnownFileType = sourcecode.swift; path = GTableExampleViewModel.swift; sourceTree = "<group>"; };
		4486B2BD241595CA00306926 /* TitleTableCell.swift */ = {isa = PBXFileReference; lastKnownFileType = sourcecode.swift; path = TitleTableCell.swift; sourceTree = "<group>"; };
		4486B2C12415973E00306926 /* TitleCellModel.swift */ = {isa = PBXFileReference; lastKnownFileType = sourcecode.swift; path = TitleCellModel.swift; sourceTree = "<group>"; };
		4486B2C5241597F800306926 /* TitleHeaderTableCell.swift */ = {isa = PBXFileReference; lastKnownFileType = sourcecode.swift; path = TitleHeaderTableCell.swift; sourceTree = "<group>"; };
		4486B2CB2415DBD400306926 /* G.framework */ = {isa = PBXFileReference; explicitFileType = wrapper.framework; path = G.framework; sourceTree = BUILT_PRODUCTS_DIR; };
		47CE55B724704FE600D8FA89 /* GCViewController.swift */ = {isa = PBXFileReference; lastKnownFileType = sourcecode.swift; path = GCViewController.swift; sourceTree = "<group>"; };
		47CE55BB247053F400D8FA89 /* GCollectionExampleViewController.swift */ = {isa = PBXFileReference; lastKnownFileType = sourcecode.swift; path = GCollectionExampleViewController.swift; sourceTree = "<group>"; };
		47CE55BD2470548200D8FA89 /* GCollectionExampleViewModel.swift */ = {isa = PBXFileReference; lastKnownFileType = sourcecode.swift; path = GCollectionExampleViewModel.swift; sourceTree = "<group>"; };
		47CE55C02470559A00D8FA89 /* TitleCollectionCell.swift */ = {isa = PBXFileReference; lastKnownFileType = sourcecode.swift; path = TitleCollectionCell.swift; sourceTree = "<group>"; };
/* End PBXFileReference section */

/* Begin PBXFrameworksBuildPhase section */
		4486B2942415773800306926 /* Frameworks */ = {
			isa = PBXFrameworksBuildPhase;
			buildActionMask = 2147483647;
			files = (
				4486B2CC2415DBD400306926 /* G.framework in Frameworks */,
			);
			runOnlyForDeploymentPostprocessing = 0;
		};
/* End PBXFrameworksBuildPhase section */

/* Begin PBXGroup section */
		4486B28E2415773800306926 = {
			isa = PBXGroup;
			children = (
				4486B2992415773800306926 /* GExample */,
				4486B2982415773800306926 /* Products */,
				4486B2CA2415DBD400306926 /* Frameworks */,
			);
			sourceTree = "<group>";
		};
		4486B2982415773800306926 /* Products */ = {
			isa = PBXGroup;
			children = (
				4486B2972415773800306926 /* GExample.app */,
			);
			name = Products;
			sourceTree = "<group>";
		};
		4486B2992415773800306926 /* GExample */ = {
			isa = PBXGroup;
			children = (
				4486B2A82415773D00306926 /* Info.plist */,
				4486B29A2415773800306926 /* AppDelegate.swift */,
				4486B2A32415773D00306926 /* Assets.xcassets */,
				4486B2B52415782100306926 /* GBaseControllers */,
				47CE55BA2470537300D8FA89 /* GCollectionViewExample */,
				4486B2B4241577FF00306926 /* GTableViewExample */,
				4486B2A52415773D00306926 /* LaunchScreen.storyboard */,
				4486B2C32415974D00306926 /* Models */,
			);
			path = GExample;
			sourceTree = "<group>";
		};
		4486B2B4241577FF00306926 /* GTableViewExample */ = {
			isa = PBXGroup;
			children = (
				4486B2BC241582AE00306926 /* Cells */,
				4486B2B8241578DA00306926 /* GTableExampleViewController.swift */,
				4486B2BA2415790100306926 /* GTableExampleViewModel.swift */,
			);
			path = GTableViewExample;
			sourceTree = "<group>";
		};
		4486B2B52415782100306926 /* GBaseControllers */ = {
			isa = PBXGroup;
			children = (
				4486B2B62415784700306926 /* GTViewController.swift */,
				47CE55B724704FE600D8FA89 /* GCViewController.swift */,
			);
			path = GBaseControllers;
			sourceTree = "<group>";
		};
		4486B2BC241582AE00306926 /* Cells */ = {
			isa = PBXGroup;
			children = (
				4486B2BD241595CA00306926 /* TitleTableCell.swift */,
				4486B2C5241597F800306926 /* TitleHeaderTableCell.swift */,
			);
			path = Cells;
			sourceTree = "<group>";
		};
		4486B2C32415974D00306926 /* Models */ = {
			isa = PBXGroup;
			children = (
				4486B2C12415973E00306926 /* TitleCellModel.swift */,
			);
			path = Models;
			sourceTree = "<group>";
		};
		4486B2CA2415DBD400306926 /* Frameworks */ = {
			isa = PBXGroup;
			children = (
				4486B2CB2415DBD400306926 /* G.framework */,
			);
			name = Frameworks;
			sourceTree = "<group>";
		};
		47CE55BA2470537300D8FA89 /* GCollectionViewExample */ = {
			isa = PBXGroup;
			children = (
				47CE55BF2470558D00D8FA89 /* Cells */,
				47CE55BB247053F400D8FA89 /* GCollectionExampleViewController.swift */,
				47CE55BD2470548200D8FA89 /* GCollectionExampleViewModel.swift */,
			);
			path = GCollectionViewExample;
			sourceTree = "<group>";
		};
		47CE55BF2470558D00D8FA89 /* Cells */ = {
			isa = PBXGroup;
			children = (
				47CE55C02470559A00D8FA89 /* TitleCollectionCell.swift */,
			);
			path = Cells;
			sourceTree = "<group>";
		};
/* End PBXGroup section */

/* Begin PBXNativeTarget section */
		4486B2962415773800306926 /* GExample */ = {
			isa = PBXNativeTarget;
			buildConfigurationList = 4486B2AB2415773D00306926 /* Build configuration list for PBXNativeTarget "GExample" */;
			buildPhases = (
				4486B2932415773800306926 /* Sources */,
				4486B2942415773800306926 /* Frameworks */,
				4486B2952415773800306926 /* Resources */,
				4486B2CE2415DBD500306926 /* Embed Frameworks */,
			);
			buildRules = (
			);
			dependencies = (
			);
			name = GExample;
			productName = GExample;
			productReference = 4486B2972415773800306926 /* GExample.app */;
			productType = "com.apple.product-type.application";
		};
/* End PBXNativeTarget section */

/* Begin PBXProject section */
		4486B28F2415773800306926 /* Project object */ = {
			isa = PBXProject;
			attributes = {
				LastSwiftUpdateCheck = 1130;
				LastUpgradeCheck = 1130;
				ORGANIZATIONNAME = Eugene;
				TargetAttributes = {
					4486B2962415773800306926 = {
						CreatedOnToolsVersion = 11.3;
					};
				};
			};
			buildConfigurationList = 4486B2922415773800306926 /* Build configuration list for PBXProject "GExample" */;
			compatibilityVersion = "Xcode 9.3";
			developmentRegion = en;
			hasScannedForEncodings = 0;
			knownRegions = (
				en,
				Base,
			);
			mainGroup = 4486B28E2415773800306926;
			productRefGroup = 4486B2982415773800306926 /* Products */;
			projectDirPath = "";
			projectRoot = "";
			targets = (
				4486B2962415773800306926 /* GExample */,
			);
		};
/* End PBXProject section */

/* Begin PBXResourcesBuildPhase section */
		4486B2952415773800306926 /* Resources */ = {
			isa = PBXResourcesBuildPhase;
			buildActionMask = 2147483647;
			files = (
				4486B2A72415773D00306926 /* LaunchScreen.storyboard in Resources */,
				4486B2A42415773D00306926 /* Assets.xcassets in Resources */,
			);
			runOnlyForDeploymentPostprocessing = 0;
		};
/* End PBXResourcesBuildPhase section */

/* Begin PBXSourcesBuildPhase section */
		4486B2932415773800306926 /* Sources */ = {
			isa = PBXSourcesBuildPhase;
			buildActionMask = 2147483647;
			files = (
				4486B29B2415773800306926 /* AppDelegate.swift in Sources */,
				47CE55BE2470548200D8FA89 /* GCollectionExampleViewModel.swift in Sources */,
				4486B2B72415784700306926 /* GTViewController.swift in Sources */,
				4486B2C22415973E00306926 /* TitleCellModel.swift in Sources */,
				47CE55C12470559A00D8FA89 /* TitleCollectionCell.swift in Sources */,
				4486B2BB2415790100306926 /* GTableExampleViewModel.swift in Sources */,
				47CE55BC247053F400D8FA89 /* GCollectionExampleViewController.swift in Sources */,
				4486B2BE241595CA00306926 /* TitleTableCell.swift in Sources */,
				47CE55B824704FE600D8FA89 /* GCViewController.swift in Sources */,
				4486B2C6241597F800306926 /* TitleHeaderTableCell.swift in Sources */,
				4486B2B9241578DA00306926 /* GTableExampleViewController.swift in Sources */,
			);
			runOnlyForDeploymentPostprocessing = 0;
		};
/* End PBXSourcesBuildPhase section */

/* Begin PBXVariantGroup section */
		4486B2A52415773D00306926 /* LaunchScreen.storyboard */ = {
			isa = PBXVariantGroup;
			children = (
				4486B2A62415773D00306926 /* Base */,
			);
			name = LaunchScreen.storyboard;
			sourceTree = "<group>";
		};
/* End PBXVariantGroup section */

/* Begin XCBuildConfiguration section */
		4486B2A92415773D00306926 /* Debug */ = {
			isa = XCBuildConfiguration;
			buildSettings = {
				ALWAYS_SEARCH_USER_PATHS = NO;
				CLANG_ANALYZER_NONNULL = YES;
				CLANG_ANALYZER_NUMBER_OBJECT_CONVERSION = YES_AGGRESSIVE;
				CLANG_CXX_LANGUAGE_STANDARD = "gnu++14";
				CLANG_CXX_LIBRARY = "libc++";
				CLANG_ENABLE_MODULES = YES;
				CLANG_ENABLE_OBJC_ARC = YES;
				CLANG_ENABLE_OBJC_WEAK = YES;
				CLANG_WARN_BLOCK_CAPTURE_AUTORELEASING = YES;
				CLANG_WARN_BOOL_CONVERSION = YES;
				CLANG_WARN_COMMA = YES;
				CLANG_WARN_CONSTANT_CONVERSION = YES;
				CLANG_WARN_DEPRECATED_OBJC_IMPLEMENTATIONS = YES;
				CLANG_WARN_DIRECT_OBJC_ISA_USAGE = YES_ERROR;
				CLANG_WARN_DOCUMENTATION_COMMENTS = YES;
				CLANG_WARN_EMPTY_BODY = YES;
				CLANG_WARN_ENUM_CONVERSION = YES;
				CLANG_WARN_INFINITE_RECURSION = YES;
				CLANG_WARN_INT_CONVERSION = YES;
				CLANG_WARN_NON_LITERAL_NULL_CONVERSION = YES;
				CLANG_WARN_OBJC_IMPLICIT_RETAIN_SELF = YES;
				CLANG_WARN_OBJC_LITERAL_CONVERSION = YES;
				CLANG_WARN_OBJC_ROOT_CLASS = YES_ERROR;
				CLANG_WARN_RANGE_LOOP_ANALYSIS = YES;
				CLANG_WARN_STRICT_PROTOTYPES = YES;
				CLANG_WARN_SUSPICIOUS_MOVE = YES;
				CLANG_WARN_UNGUARDED_AVAILABILITY = YES_AGGRESSIVE;
				CLANG_WARN_UNREACHABLE_CODE = YES;
				CLANG_WARN__DUPLICATE_METHOD_MATCH = YES;
				COPY_PHASE_STRIP = NO;
				DEBUG_INFORMATION_FORMAT = dwarf;
				ENABLE_STRICT_OBJC_MSGSEND = YES;
				ENABLE_TESTABILITY = YES;
				GCC_C_LANGUAGE_STANDARD = gnu11;
				GCC_DYNAMIC_NO_PIC = NO;
				GCC_NO_COMMON_BLOCKS = YES;
				GCC_OPTIMIZATION_LEVEL = 0;
				GCC_PREPROCESSOR_DEFINITIONS = (
					"DEBUG=1",
					"$(inherited)",
				);
				GCC_WARN_64_TO_32_BIT_CONVERSION = YES;
				GCC_WARN_ABOUT_RETURN_TYPE = YES_ERROR;
				GCC_WARN_UNDECLARED_SELECTOR = YES;
				GCC_WARN_UNINITIALIZED_AUTOS = YES_AGGRESSIVE;
				GCC_WARN_UNUSED_FUNCTION = YES;
				GCC_WARN_UNUSED_VARIABLE = YES;
				IPHONEOS_DEPLOYMENT_TARGET = 13.2;
				MTL_ENABLE_DEBUG_INFO = INCLUDE_SOURCE;
				MTL_FAST_MATH = YES;
				ONLY_ACTIVE_ARCH = YES;
				SDKROOT = iphoneos;
				SWIFT_ACTIVE_COMPILATION_CONDITIONS = DEBUG;
				SWIFT_OPTIMIZATION_LEVEL = "-Onone";
			};
			name = Debug;
		};
		4486B2AA2415773D00306926 /* Release */ = {
			isa = XCBuildConfiguration;
			buildSettings = {
				ALWAYS_SEARCH_USER_PATHS = NO;
				CLANG_ANALYZER_NONNULL = YES;
				CLANG_ANALYZER_NUMBER_OBJECT_CONVERSION = YES_AGGRESSIVE;
				CLANG_CXX_LANGUAGE_STANDARD = "gnu++14";
				CLANG_CXX_LIBRARY = "libc++";
				CLANG_ENABLE_MODULES = YES;
				CLANG_ENABLE_OBJC_ARC = YES;
				CLANG_ENABLE_OBJC_WEAK = YES;
				CLANG_WARN_BLOCK_CAPTURE_AUTORELEASING = YES;
				CLANG_WARN_BOOL_CONVERSION = YES;
				CLANG_WARN_COMMA = YES;
				CLANG_WARN_CONSTANT_CONVERSION = YES;
				CLANG_WARN_DEPRECATED_OBJC_IMPLEMENTATIONS = YES;
				CLANG_WARN_DIRECT_OBJC_ISA_USAGE = YES_ERROR;
				CLANG_WARN_DOCUMENTATION_COMMENTS = YES;
				CLANG_WARN_EMPTY_BODY = YES;
				CLANG_WARN_ENUM_CONVERSION = YES;
				CLANG_WARN_INFINITE_RECURSION = YES;
				CLANG_WARN_INT_CONVERSION = YES;
				CLANG_WARN_NON_LITERAL_NULL_CONVERSION = YES;
				CLANG_WARN_OBJC_IMPLICIT_RETAIN_SELF = YES;
				CLANG_WARN_OBJC_LITERAL_CONVERSION = YES;
				CLANG_WARN_OBJC_ROOT_CLASS = YES_ERROR;
				CLANG_WARN_RANGE_LOOP_ANALYSIS = YES;
				CLANG_WARN_STRICT_PROTOTYPES = YES;
				CLANG_WARN_SUSPICIOUS_MOVE = YES;
				CLANG_WARN_UNGUARDED_AVAILABILITY = YES_AGGRESSIVE;
				CLANG_WARN_UNREACHABLE_CODE = YES;
				CLANG_WARN__DUPLICATE_METHOD_MATCH = YES;
				COPY_PHASE_STRIP = NO;
				DEBUG_INFORMATION_FORMAT = "dwarf-with-dsym";
				ENABLE_NS_ASSERTIONS = NO;
				ENABLE_STRICT_OBJC_MSGSEND = YES;
				GCC_C_LANGUAGE_STANDARD = gnu11;
				GCC_NO_COMMON_BLOCKS = YES;
				GCC_WARN_64_TO_32_BIT_CONVERSION = YES;
				GCC_WARN_ABOUT_RETURN_TYPE = YES_ERROR;
				GCC_WARN_UNDECLARED_SELECTOR = YES;
				GCC_WARN_UNINITIALIZED_AUTOS = YES_AGGRESSIVE;
				GCC_WARN_UNUSED_FUNCTION = YES;
				GCC_WARN_UNUSED_VARIABLE = YES;
				IPHONEOS_DEPLOYMENT_TARGET = 13.2;
				MTL_ENABLE_DEBUG_INFO = NO;
				MTL_FAST_MATH = YES;
				SDKROOT = iphoneos;
				SWIFT_COMPILATION_MODE = wholemodule;
				SWIFT_OPTIMIZATION_LEVEL = "-O";
				VALIDATE_PRODUCT = YES;
			};
			name = Release;
		};
		4486B2AC2415773D00306926 /* Debug */ = {
			isa = XCBuildConfiguration;
			buildSettings = {
				ASSETCATALOG_COMPILER_APPICON_NAME = AppIcon;
				CODE_SIGN_STYLE = Automatic;
				DEVELOPMENT_TEAM = 7Q47PPMT3D;
				INFOPLIST_FILE = GExample/Info.plist;
				IPHONEOS_DEPLOYMENT_TARGET = 10.0;
				LD_RUNPATH_SEARCH_PATHS = (
					"$(inherited)",
					"@executable_path/Frameworks",
				);
				PRODUCT_BUNDLE_IDENTIFIER = com.generic.grid.GExample;
				PRODUCT_NAME = "$(TARGET_NAME)";
				SWIFT_VERSION = 5.0;
				TARGETED_DEVICE_FAMILY = "1,2";
			};
			name = Debug;
		};
		4486B2AD2415773D00306926 /* Release */ = {
			isa = XCBuildConfiguration;
			buildSettings = {
				ASSETCATALOG_COMPILER_APPICON_NAME = AppIcon;
				CODE_SIGN_STYLE = Automatic;
				DEVELOPMENT_TEAM = 7Q47PPMT3D;
				INFOPLIST_FILE = GExample/Info.plist;
				IPHONEOS_DEPLOYMENT_TARGET = 10.0;
				LD_RUNPATH_SEARCH_PATHS = (
					"$(inherited)",
					"@executable_path/Frameworks",
				);
				PRODUCT_BUNDLE_IDENTIFIER = com.generic.grid.GExample;
				PRODUCT_NAME = "$(TARGET_NAME)";
				SWIFT_VERSION = 5.0;
				TARGETED_DEVICE_FAMILY = "1,2";
			};
			name = Release;
		};
/* End XCBuildConfiguration section */

/* Begin XCConfigurationList section */
		4486B2922415773800306926 /* Build configuration list for PBXProject "GExample" */ = {
			isa = XCConfigurationList;
			buildConfigurations = (
				4486B2A92415773D00306926 /* Debug */,
				4486B2AA2415773D00306926 /* Release */,
			);
			defaultConfigurationIsVisible = 0;
			defaultConfigurationName = Release;
		};
		4486B2AB2415773D00306926 /* Build configuration list for PBXNativeTarget "GExample" */ = {
			isa = XCConfigurationList;
			buildConfigurations = (
				4486B2AC2415773D00306926 /* Debug */,
				4486B2AD2415773D00306926 /* Release */,
			);
			defaultConfigurationIsVisible = 0;
			defaultConfigurationName = Release;
		};
/* End XCConfigurationList section */
	};
	rootObject = 4486B28F2415773800306926 /* Project object */;
}
